{
  "version": 4,
  "terraform_version": "1.11.4",
  "serial": 10,
  "lineage": "a22cb7b7-272d-9941-335e-4b6cc7a44b5d",
  "outputs": {},
  "resources": [
    {
      "mode": "managed",
      "type": "azurerm_network_interface",
      "name": "nic_pub",
      "provider": "provider[\"registry.terraform.io/hashicorp/azurerm\"]",
      "instances": [
        {
          "schema_version": 0,
          "attributes": {
            "accelerated_networking_enabled": false,
            "applied_dns_servers": [],
            "auxiliary_mode": "",
            "auxiliary_sku": "",
            "dns_servers": null,
            "edge_zone": "",
            "id": "/subscriptions/86f76907-b9d5-46fa-a39d-aff8432a1868/resourceGroups/rg-jgarcia-dvfinlab-uk/providers/Microsoft.Network/networkInterfaces/nic-pub",
            "internal_dns_name_label": "",
            "internal_domain_name_suffix": "1slx0slb3i0efn1nnxpjotkrja.cwx.internal.cloudapp.net",
            "ip_configuration": [
              {
                "gateway_load_balancer_frontend_ip_configuration_id": "",
                "name": "internal",
                "primary": true,
                "private_ip_address": "10.0.1.4",
                "private_ip_address_allocation": "Static",
                "private_ip_address_version": "IPv4",
                "public_ip_address_id": "/subscriptions/86f76907-b9d5-46fa-a39d-aff8432a1868/resourceGroups/rg-jgarcia-dvfinlab-uk/providers/Microsoft.Network/publicIPAddresses/public-ip-pub",
                "subnet_id": "/subscriptions/86f76907-b9d5-46fa-a39d-aff8432a1868/resourceGroups/rg-jgarcia-dvfinlab-uk/providers/Microsoft.Network/virtualNetworks/vnet-postgres/subnets/subnet-postgres"
              }
            ],
            "ip_forwarding_enabled": false,
            "location": "ukwest",
            "mac_address": "",
            "name": "nic-pub",
            "private_ip_address": "10.0.1.4",
            "private_ip_addresses": [
              "10.0.1.4"
            ],
            "resource_group_name": "rg-jgarcia-dvfinlab-uk",
            "tags": null,
            "timeouts": null,
            "virtual_machine_id": ""
          },
          "sensitive_attributes": [],
          "private": "eyJlMmJmYjczMC1lY2FhLTExZTYtOGY4OC0zNDM2M2JjN2M0YzAiOnsiY3JlYXRlIjoxODAwMDAwMDAwMDAwLCJkZWxldGUiOjE4MDAwMDAwMDAwMDAsInJlYWQiOjMwMDAwMDAwMDAwMCwidXBkYXRlIjoxODAwMDAwMDAwMDAwfX0=",
          "dependencies": [
            "azurerm_public_ip.public_ip_pub",
            "azurerm_resource_group.grupo2",
            "azurerm_subnet.subnet",
            "azurerm_virtual_network.vnet"
          ]
        }
      ]
    },
    {
      "mode": "managed",
      "type": "azurerm_public_ip",
      "name": "public_ip_pub",
      "provider": "provider[\"registry.terraform.io/hashicorp/azurerm\"]",
      "instances": [
        {
          "schema_version": 0,
          "attributes": {
            "allocation_method": "Static",
            "ddos_protection_mode": "VirtualNetworkInherited",
            "ddos_protection_plan_id": null,
            "domain_name_label": null,
            "domain_name_label_scope": null,
            "edge_zone": "",
            "fqdn": null,
            "id": "/subscriptions/86f76907-b9d5-46fa-a39d-aff8432a1868/resourceGroups/rg-jgarcia-dvfinlab-uk/providers/Microsoft.Network/publicIPAddresses/public-ip-pub",
            "idle_timeout_in_minutes": 4,
            "ip_address": "51.141.48.87",
            "ip_tags": null,
            "ip_version": "IPv4",
            "location": "ukwest",
            "name": "public-ip-pub",
            "public_ip_prefix_id": null,
            "resource_group_name": "rg-jgarcia-dvfinlab-uk",
            "reverse_fqdn": null,
            "sku": "Basic",
            "sku_tier": "Regional",
            "tags": null,
            "timeouts": null,
            "zones": null
          },
          "sensitive_attributes": [],
          "private": "eyJlMmJmYjczMC1lY2FhLTExZTYtOGY4OC0zNDM2M2JjN2M0YzAiOnsiY3JlYXRlIjoxODAwMDAwMDAwMDAwLCJkZWxldGUiOjE4MDAwMDAwMDAwMDAsInJlYWQiOjMwMDAwMDAwMDAwMCwidXBkYXRlIjoxODAwMDAwMDAwMDAwfX0=",
          "dependencies": [
            "azurerm_resource_group.grupo2"
          ]
        }
      ]
    },
    {
      "mode": "managed",
      "type": "azurerm_resource_group",
      "name": "grupo2",
      "provider": "provider[\"registry.terraform.io/hashicorp/azurerm\"]",
      "instances": [
        {
          "schema_version": 0,
          "attributes": {
            "id": "/subscriptions/86f76907-b9d5-46fa-a39d-aff8432a1868/resourceGroups/rg-jgarcia-dvfinlab-uk",
            "location": "ukwest",
            "managed_by": "",
            "name": "rg-jgarcia-dvfinlab-uk",
            "tags": {},
            "timeouts": null
          },
          "sensitive_attributes": [],
          "private": "eyJlMmJmYjczMC1lY2FhLTExZTYtOGY4OC0zNDM2M2JjN2M0YzAiOnsiY3JlYXRlIjo1NDAwMDAwMDAwMDAwLCJkZWxldGUiOjU0MDAwMDAwMDAwMDAsInJlYWQiOjMwMDAwMDAwMDAwMCwidXBkYXRlIjo1NDAwMDAwMDAwMDAwfX0="
        }
      ]
    },
    {
      "mode": "managed",
      "type": "azurerm_subnet",
      "name": "subnet",
      "provider": "provider[\"registry.terraform.io/hashicorp/azurerm\"]",
      "instances": [
        {
          "schema_version": 0,
          "attributes": {
            "address_prefixes": [
              "10.0.1.0/24"
            ],
            "default_outbound_access_enabled": true,
            "delegation": [],
            "id": "/subscriptions/86f76907-b9d5-46fa-a39d-aff8432a1868/resourceGroups/rg-jgarcia-dvfinlab-uk/providers/Microsoft.Network/virtualNetworks/vnet-postgres/subnets/subnet-postgres",
            "name": "subnet-postgres",
            "private_endpoint_network_policies": "Disabled",
            "private_link_service_network_policies_enabled": true,
            "resource_group_name": "rg-jgarcia-dvfinlab-uk",
            "service_endpoint_policy_ids": null,
            "service_endpoints": null,
            "timeouts": null,
            "virtual_network_name": "vnet-postgres"
          },
          "sensitive_attributes": [],
          "private": "eyJlMmJmYjczMC1lY2FhLTExZTYtOGY4OC0zNDM2M2JjN2M0YzAiOnsiY3JlYXRlIjoxODAwMDAwMDAwMDAwLCJkZWxldGUiOjE4MDAwMDAwMDAwMDAsInJlYWQiOjMwMDAwMDAwMDAwMCwidXBkYXRlIjoxODAwMDAwMDAwMDAwfX0=",
          "dependencies": [
            "azurerm_resource_group.grupo2",
            "azurerm_virtual_network.vnet"
          ]
        }
      ]
    },
    {
      "mode": "managed",
      "type": "azurerm_virtual_network",
      "name": "vnet",
      "provider": "provider[\"registry.terraform.io/hashicorp/azurerm\"]",
      "instances": [
        {
          "schema_version": 0,
          "attributes": {
            "address_space": [
              "10.0.0.0/16"
            ],
            "bgp_community": "",
            "ddos_protection_plan": [],
            "dns_servers": [],
            "edge_zone": "",
            "encryption": [],
            "flow_timeout_in_minutes": 0,
            "guid": "497d97dc-ea61-4234-b76d-6dde974d5148",
            "id": "/subscriptions/86f76907-b9d5-46fa-a39d-aff8432a1868/resourceGroups/rg-jgarcia-dvfinlab-uk/providers/Microsoft.Network/virtualNetworks/vnet-postgres",
            "location": "ukwest",
            "name": "vnet-postgres",
            "private_endpoint_vnet_policies": "Disabled",
            "resource_group_name": "rg-jgarcia-dvfinlab-uk",
            "subnet": [],
            "tags": null,
            "timeouts": null
          },
          "sensitive_attributes": [],
          "private": "eyJlMmJmYjczMC1lY2FhLTExZTYtOGY4OC0zNDM2M2JjN2M0YzAiOnsiY3JlYXRlIjoxODAwMDAwMDAwMDAwLCJkZWxldGUiOjE4MDAwMDAwMDAwMDAsInJlYWQiOjMwMDAwMDAwMDAwMCwidXBkYXRlIjoxODAwMDAwMDAwMDAwfX0=",
          "dependencies": [
            "azurerm_resource_group.grupo2"
          ]
        }
      ]
    }
  ],
  "check_results": null
}
