{
  "version": 4,
  "terraform_version": "1.11.4",
  "serial": 46,
  "lineage": "5b7c4707-fc2c-c53f-078d-6f4ae7c1b81d",
  "outputs": {
    "acr_name": {
      "value": "acr2jw7",
      "type": "string"
    },
    "aks_name": {
      "value": "aks-2jw7",
      "type": "string"
    },
    "peering_aks_to_postgres": {
      "value": "/subscriptions/86f76907-b9d5-46fa-a39d-aff8432a1868/resourceGroups/rg-jgarcia-dvfinlab-uk/providers/Microsoft.Network/virtualNetworks/vnet-aks/virtualNetworkPeerings/peer-aks-to-postgres",
      "type": "string"
    },
    "peering_postgres_to_aks": {
      "value": "/subscriptions/86f76907-b9d5-46fa-a39d-aff8432a1868/resourceGroups/rg-jgarcia-dvfinlab-uk/providers/Microsoft.Network/virtualNetworks/vnet-postgres/virtualNetworkPeerings/peer-postgres-to-aks",
      "type": "string"
    },
    "vm_private_ip": {
      "value": "10.0.1.5",
      "type": "string"
    },
    "vm_private_key": {
      "value": "-----BEGIN RSA PRIVATE KEY-----\nMIIJKgIBAAKCAgEA14HK2qGsVAhXLnPjUiHKHSJyBKBJhr8gfjuq99+5TkIQZ1ej\nbYPCAgiWrJs3Ca2Oh9V0IRVtF2E+DHzKIIHq1/6rp+luLf1wKifjKYomjOp+2BOI\nfbTDTygZuC9mbCVzlkVdDcnfkTrPFPWhurGwoiDn9UAagn46La6nw7r69Hj8DYWC\nkbalH0zXlzODyIRGB3D0sbUDe8a3k3cEsu3G+a0WeWUlM1+urq4380wa+yn+zmw+\nXlrx6KVTVTIeuk/fuxhk9BWcyPMr/R8XrIMtnE1G7jTAsDoDkJkSmCi3bqpMKSh6\ngW3B7L+7KgINl9ZlvZYiApELPuBJ3GefhFZL1IAhjS6l2ofx2RaGqfbq29gwMgmO\nn7Frgpo7ycTaV2Hyo7dOV86fX3g+w/Ifn2fEjwluC+HsdxhhQZPFZHEFsltCwsgY\nQYEntdrqSaK3Rf7M6iy0nh1lFYR6jf7yYDgoHUZ6MHOyfeoSv/I8lpspKdIeYFhS\n4nFWEdc35I/GuA4zBvRPR3sBEWZqICJ8DnMUhcEAb7hm3/xdXLElADCc4fHpUFyT\nxJ2hH29bDkVntUGxW8IhHf9CJr+Ja8oX6oHZQXvrRblDtOk0wUeySIAXdfwb4/cR\nYbOlDIi7EyspmGuLcZIah13dmRs2p+iCQki4OzMSr5t7U6yFDzUgrGFUdKECAwEA\nAQKCAgARyQrFXpqe4EXWpfaEnpiELUWw40wSIGeld1XpqUdtIZdiOfm5Neqe2Zfa\nxKAHDtFgnTF9cfvb9jjlVa6mPmaT3xcKT2HaDoyRVBOjp9y83DTt7vXAnxiPybDO\nsi2/HtuiUxTmCIsofIyez5NCebvos3PFOh499v4k60E57m5b2vi9Qm+XSDYqJkC0\nICqf86emYVB2coiIMGsR0tyayjQVwq7EQ8BNVDgRvzvLmtQutoVqgoUmqxWEFFHT\nagSebm1Zzt51BOwYqvXuSMC+ymArIjcIfWbKHG2TI0jlMRYLXmdU7bvnftgGan/f\nLIZz6ZwhqHhj0xXVIXRDCfPAm5EcIIJFy8O5f/B4Dfud8PvbtiTlsgq9f8UnJ76E\n4fuzZrbmINX01MLyK/8ruTubF9NV6HyYGRhWwSfjOP7SWf9tAWTuBukrSUl+3ONX\n5cF6YLZ4Yv5B89rMaypSO8v6ckHUSLf6evG3I0gSxiP7WqLZ5HTbzAvlDv6MC8fx\nsk9PF7cnWV+eFL43RrCjpjLRA8M0sXW9A8AGREG3ZAPmdnkJZ3vVGa5hpNyCAjuQ\n4diGLVG0QQ+IQdoHz+nf/RnWnzd208uEC9Rq9lxuXWiWZTtbNmk7iWJez6K4osJI\nSkwIAy7/AAMOxp2nxw1uUxfPUJR6Orir3V3ERob8UCrge1eBuQKCAQEA+l+NvGZo\nu7yuMQzPC9VZyx8XjZrkJhW/+RvjrW5G8IT6FhhSk7t8aBJqSTzGY9wXRWL2jRkg\nYVuMOcVhodguctq8FsBvcOSdG0sc2sAgIm/C9eTSplMKm5HW8dzXOeL1d67X034R\nwsWGjmBeo3mFXm1RrK+PRZHL0ROH7zYwCu7GML+ecvn1S2LfWlKiKRa8NnKO18t6\nvxmSlNqUEh79XNI9WZERbFQz0KuzmQQV6Ro+pZPsOyGL0xddokzyZsa9UjN6kpiG\nmICj8WUpYO5eB1J5RtsMvBpp/C5K2crWHRP+BYxoUu1+2UGlHXpIOu5+VGMqcDLa\nQ6gDFKvfv+1wmQKCAQEA3Fmld30lkun8uHeXvORJF8/YrZgnyqhjLAL0jqKaE377\nTrIiYEl1ULSt2Alj1LQyUJVJxyKFJ1J2cnx6Kjyqzit7DDwIi2TwD32IO7onj8bA\nbEitR6TaWuDsAoNf9Q6V/PE2zI6oHHnxtrPTvKFFGWl9z17On5y51FNmHHMMVun2\n6cV3hF2/7+/NRTbNSTGrwv0iD0rFVtMlB6VsuQGonKz53bhI7tnsDV3rmIIgcGvr\ng1Sx237jZzEUSr5l3xxV5UufzWubPHfl2SDtyW/GQTfqUymMikZH6NhMTgSeYiHw\nERrrdek6DIJ0vMQegStNtqpVUhzVYpRjhg0HdBzBSQKCAQEAj6b3iZswiFbPkvEI\ncn+tD2/9cY/nSzq7dNBdp4pYRXPmkXrPFlhCHuxB81dddLo41+TaFUbPX0zJffQT\n+mow7FE4Dc3Hovxob9p+6bvGNDvvnmn1utx2f6ADta3CB0KDGHJG/t+cjSYL9/Cv\nHBiDPxR2AiCQkZf/WyxbmBJ9KiipqhqnbMyhwuktwYMb63tR7eN4tbPX74FaqvFm\nd6c0M2elL5ieaIs/V4DMgQTpFV+rhhEDP0IWGb2USaTgh7uLsHg84ZOF1kYoyj4C\nqczaQlU9pDvWaK63FKvy4lcQ1oo7+y7+RGZjm3+gnvMkMjvYW86x8MIcnSju65NZ\nw6MWMQKCAQEAh47nCtGE0hL9FIcOZHiUtv95L6KRqE1bZXIT/cPuwdu2wz03hMDs\nWVAuOt/b+Lk60vRkxQtpmz1R/TCy/1T/R4LcWjR8lTTtsrnpm8T0HbGKI5O6dn7m\njk4dI5aq69mjUE8dBU8mAQ7MMzgCJOOZ3P5XFcIfn3YNpKACC7KDftzEuCBxXI9I\nS1XdlJ0YQdU68+RCleHL8ZRIDaIpds+caXbI6Sw8QiTy4W5MSDCVwFPEObFbEcvI\nHm3FLA5iIZYPCdcyYm+2usaQMrndT7Vh5DGACNVgzphaGNcoaj7RKVHznLJQ9OMc\ngSGoq5CDq7d2QdAcWT2/0Lu1Vnyhfz9JcQKCAQEAtXYNQpQPDAtMu//Vu9HM0jg8\n5JJ3Hgcmey4bQoyYK2MAfemh+3+au0fNqdK7l7Cahi4DVopbXgbfKt92SvbPp21u\nP9XhWxGrOxj8zxBwUHWYTUQPy+oGOClpIjuFyeKd1FjkBGnmbB44YTOYU+NoRYng\nJWfjhdT0mbdLI71+r5eOjizJV0ZRgnChS1kWzxBfB+KhBVOXtfTUR5OzUeSo+kxE\nkhhuzfdWEQytpQTDWmp7UxPv9lrX876tLESgo+T7XsiHE+QpWaoKVdKMmuaMt1kM\niKQyV7oublUP3jJZqxMkgaPio1xezTAcMgb8GUf2nzxemVufF47vePzhRsylsQ==\n-----END RSA PRIVATE KEY-----\n",
      "type": "string",
      "sensitive": true
    },
    "vm_public_ip": {
      "value": "20.254.170.176",
      "type": "string"
    }
  },
  "resources": [
    {
      "mode": "managed",
      "type": "random_string",
      "name": "sufijo",
      "provider": "provider[\"registry.terraform.io/hashicorp/random\"]",
      "instances": [
        {
          "schema_version": 2,
          "attributes": {
            "id": "2jw7",
            "keepers": null,
            "length": 4,
            "lower": true,
            "min_lower": 0,
            "min_numeric": 0,
            "min_special": 0,
            "min_upper": 0,
            "number": true,
            "numeric": true,
            "override_special": null,
            "result": "2jw7",
            "special": false,
            "upper": false
          },
          "sensitive_attributes": []
        }
      ]
    },
    {
      "module": "module.rg",
      "mode": "managed",
      "type": "azurerm_network_interface",
      "name": "nic_pub",
      "provider": "provider[\"registry.terraform.io/hashicorp/azurerm\"]",
      "instances": [
        {
          "schema_version": 0,
          "attributes": {
            "accelerated_networking_enabled": false,
            "applied_dns_servers": [],
            "auxiliary_mode": "",
            "auxiliary_sku": "",
            "dns_servers": [],
            "edge_zone": "",
            "enable_accelerated_networking": false,
            "enable_ip_forwarding": false,
            "id": "/subscriptions/86f76907-b9d5-46fa-a39d-aff8432a1868/resourceGroups/rg-jgarcia-dvfinlab-uk/providers/Microsoft.Network/networkInterfaces/nic-pub",
            "internal_dns_name_label": "",
            "internal_domain_name_suffix": "4zz3a0t1vivehffjjuyj00ngob.cwx.internal.cloudapp.net",
            "ip_configuration": [
              {
                "gateway_load_balancer_frontend_ip_configuration_id": "",
                "name": "internal",
                "primary": true,
                "private_ip_address": "10.0.1.4",
                "private_ip_address_allocation": "Static",
                "private_ip_address_version": "IPv4",
                "public_ip_address_id": "/subscriptions/86f76907-b9d5-46fa-a39d-aff8432a1868/resourceGroups/rg-jgarcia-dvfinlab-uk/providers/Microsoft.Network/publicIPAddresses/public-ip-pub",
                "subnet_id": "/subscriptions/86f76907-b9d5-46fa-a39d-aff8432a1868/resourceGroups/rg-jgarcia-dvfinlab-uk/providers/Microsoft.Network/virtualNetworks/vnet-postgres/subnets/subnet-postgres"
              }
            ],
            "ip_forwarding_enabled": false,
            "location": "ukwest",
            "mac_address": "00-0D-3A-87-42-E0",
            "name": "nic-pub",
            "private_ip_address": "10.0.1.4",
            "private_ip_addresses": [
              "10.0.1.4"
            ],
            "resource_group_name": "rg-jgarcia-dvfinlab-uk",
            "tags": {},
            "timeouts": null,
            "virtual_machine_id": "/subscriptions/86f76907-b9d5-46fa-a39d-aff8432a1868/resourceGroups/rg-jgarcia-dvfinlab-uk/providers/Microsoft.Compute/virtualMachines/vm-publica"
          },
          "sensitive_attributes": [],
          "private": "eyJlMmJmYjczMC1lY2FhLTExZTYtOGY4OC0zNDM2M2JjN2M0YzAiOnsiY3JlYXRlIjoxODAwMDAwMDAwMDAwLCJkZWxldGUiOjE4MDAwMDAwMDAwMDAsInJlYWQiOjMwMDAwMDAwMDAwMCwidXBkYXRlIjoxODAwMDAwMDAwMDAwfX0=",
          "dependencies": [
            "module.rg.azurerm_public_ip.public_ip_pub",
            "module.rg.azurerm_resource_group.grupo2",
            "module.rg.azurerm_subnet.subnet",
            "module.rg.azurerm_virtual_network.vnet"
          ]
        }
      ]
    },
    {
      "module": "module.rg",
      "mode": "managed",
      "type": "azurerm_public_ip",
      "name": "public_ip_pub",
      "provider": "provider[\"registry.terraform.io/hashicorp/azurerm\"]",
      "instances": [
        {
          "schema_version": 0,
          "attributes": {
            "allocation_method": "Static",
            "ddos_protection_mode": "VirtualNetworkInherited",
            "ddos_protection_plan_id": null,
            "domain_name_label": null,
            "edge_zone": "",
            "fqdn": null,
            "id": "/subscriptions/86f76907-b9d5-46fa-a39d-aff8432a1868/resourceGroups/rg-jgarcia-dvfinlab-uk/providers/Microsoft.Network/publicIPAddresses/public-ip-pub",
            "idle_timeout_in_minutes": 4,
            "ip_address": "20.254.170.176",
            "ip_tags": {},
            "ip_version": "IPv4",
            "location": "ukwest",
            "name": "public-ip-pub",
            "public_ip_prefix_id": null,
            "resource_group_name": "rg-jgarcia-dvfinlab-uk",
            "reverse_fqdn": null,
            "sku": "Basic",
            "sku_tier": "Regional",
            "tags": {},
            "timeouts": null,
            "zones": []
          },
          "sensitive_attributes": [],
          "private": "eyJlMmJmYjczMC1lY2FhLTExZTYtOGY4OC0zNDM2M2JjN2M0YzAiOnsiY3JlYXRlIjoxODAwMDAwMDAwMDAwLCJkZWxldGUiOjE4MDAwMDAwMDAwMDAsInJlYWQiOjMwMDAwMDAwMDAwMCwidXBkYXRlIjoxODAwMDAwMDAwMDAwfX0=",
          "dependencies": [
            "module.rg.azurerm_resource_group.grupo2"
          ]
        }
      ]
    },
    {
      "module": "module.rg",
      "mode": "managed",
      "type": "azurerm_resource_group",
      "name": "grupo2",
      "provider": "provider[\"registry.terraform.io/hashicorp/azurerm\"]",
      "instances": [
        {
          "schema_version": 0,
          "attributes": {
            "id": "/subscriptions/86f76907-b9d5-46fa-a39d-aff8432a1868/resourceGroups/rg-jgarcia-dvfinlab-uk",
            "location": "ukwest",
            "managed_by": "",
            "name": "rg-jgarcia-dvfinlab-uk",
            "tags": {},
            "timeouts": null
          },
          "sensitive_attributes": [],
          "private": "eyJlMmJmYjczMC1lY2FhLTExZTYtOGY4OC0zNDM2M2JjN2M0YzAiOnsiY3JlYXRlIjo1NDAwMDAwMDAwMDAwLCJkZWxldGUiOjU0MDAwMDAwMDAwMDAsInJlYWQiOjMwMDAwMDAwMDAwMCwidXBkYXRlIjo1NDAwMDAwMDAwMDAwfX0="
        }
      ]
    },
    {
      "module": "module.rg",
      "mode": "managed",
      "type": "azurerm_subnet",
      "name": "subnet",
      "provider": "provider[\"registry.terraform.io/hashicorp/azurerm\"]",
      "instances": [
        {
          "schema_version": 0,
          "attributes": {
            "address_prefixes": [
              "10.0.1.0/24"
            ],
            "default_outbound_access_enabled": true,
            "delegation": [],
            "enforce_private_link_endpoint_network_policies": false,
            "enforce_private_link_service_network_policies": false,
            "id": "/subscriptions/86f76907-b9d5-46fa-a39d-aff8432a1868/resourceGroups/rg-jgarcia-dvfinlab-uk/providers/Microsoft.Network/virtualNetworks/vnet-postgres/subnets/subnet-postgres",
            "name": "subnet-postgres",
            "private_endpoint_network_policies": "Enabled",
            "private_endpoint_network_policies_enabled": true,
            "private_link_service_network_policies_enabled": true,
            "resource_group_name": "rg-jgarcia-dvfinlab-uk",
            "service_endpoint_policy_ids": [],
            "service_endpoints": [],
            "timeouts": null,
            "virtual_network_name": "vnet-postgres"
          },
          "sensitive_attributes": [],
          "private": "eyJlMmJmYjczMC1lY2FhLTExZTYtOGY4OC0zNDM2M2JjN2M0YzAiOnsiY3JlYXRlIjoxODAwMDAwMDAwMDAwLCJkZWxldGUiOjE4MDAwMDAwMDAwMDAsInJlYWQiOjMwMDAwMDAwMDAwMCwidXBkYXRlIjoxODAwMDAwMDAwMDAwfX0=",
          "dependencies": [
            "module.rg.azurerm_resource_group.grupo2",
            "module.rg.azurerm_virtual_network.vnet"
          ]
        }
      ]
    },
    {
      "module": "module.rg",
      "mode": "managed",
      "type": "azurerm_virtual_network",
      "name": "vnet",
      "provider": "provider[\"registry.terraform.io/hashicorp/azurerm\"]",
      "instances": [
        {
          "schema_version": 0,
          "attributes": {
            "address_space": [
              "10.0.0.0/16"
            ],
            "bgp_community": "",
            "ddos_protection_plan": [],
            "dns_servers": [],
            "edge_zone": "",
            "encryption": [],
            "flow_timeout_in_minutes": 0,
            "guid": "6ad073f6-aa7b-432a-94a9-4d309d69a671",
            "id": "/subscriptions/86f76907-b9d5-46fa-a39d-aff8432a1868/resourceGroups/rg-jgarcia-dvfinlab-uk/providers/Microsoft.Network/virtualNetworks/vnet-postgres",
            "location": "ukwest",
            "name": "vnet-postgres",
            "resource_group_name": "rg-jgarcia-dvfinlab-uk",
            "subnet": [
              {
                "address_prefix": "10.0.1.0/24",
                "id": "/subscriptions/86f76907-b9d5-46fa-a39d-aff8432a1868/resourceGroups/rg-jgarcia-dvfinlab-uk/providers/Microsoft.Network/virtualNetworks/vnet-postgres/subnets/subnet-postgres",
                "name": "subnet-postgres",
                "security_group": "/subscriptions/86f76907-b9d5-46fa-a39d-aff8432a1868/resourceGroups/rg-jgarcia-dvfinlab-uk/providers/Microsoft.Network/networkSecurityGroups/nsg-postgres"
              }
            ],
            "tags": {},
            "timeouts": null
          },
          "sensitive_attributes": [],
          "private": "eyJlMmJmYjczMC1lY2FhLTExZTYtOGY4OC0zNDM2M2JjN2M0YzAiOnsiY3JlYXRlIjoxODAwMDAwMDAwMDAwLCJkZWxldGUiOjE4MDAwMDAwMDAwMDAsInJlYWQiOjMwMDAwMDAwMDAwMCwidXBkYXRlIjoxODAwMDAwMDAwMDAwfX0=",
          "dependencies": [
            "module.rg.azurerm_resource_group.grupo2"
          ]
        }
      ]
    }
  ],
  "check_results": null
}
