{
  "version": 4,
  "terraform_version": "1.11.4",
  "serial": 27,
  "lineage": "3f2fbb8d-6c03-36a3-18c7-52a325927d92",
  "outputs": {
    "peering_establecido": {
      "value": "Peering bidireccional entre 'vnet-aks' y 'vnet-postgres' creado con éxito.",
      "type": "string"
    }
  },
  "resources": [
    {
      "mode": "data",
      "type": "azurerm_virtual_network",
      "name": "vnet_aks",
      "provider": "provider[\"registry.terraform.io/hashicorp/azurerm\"]",
      "instances": [
        {
          "schema_version": 0,
          "attributes": {
            "address_space": [
              "10.200.0.0/16"
            ],
            "dns_servers": [],
            "guid": "c4596889-d287-4bd5-969d-f6feaa063f28",
            "id": "/subscriptions/86f76907-b9d5-46fa-a39d-aff8432a1868/resourceGroups/rg-jgarcia-dvfinlab-uk/providers/Microsoft.Network/virtualNetworks/vnet-aks",
            "location": "ukwest",
            "name": "vnet-aks",
            "resource_group_name": "rg-jgarcia-dvfinlab-uk",
            "subnets": [
              "subnet-aks"
            ],
            "tags": {},
            "timeouts": null,
            "vnet_peerings": {},
            "vnet_peerings_addresses": []
          },
          "sensitive_attributes": []
        }
      ]
    },
    {
      "mode": "data",
      "type": "azurerm_virtual_network",
      "name": "vnet_postgres",
      "provider": "provider[\"registry.terraform.io/hashicorp/azurerm\"]",
      "instances": [
        {
          "schema_version": 0,
          "attributes": {
            "address_space": [
              "10.0.0.0/16"
            ],
            "dns_servers": [],
            "guid": "721354eb-97ef-45d9-90ff-6cbd0db71bad",
            "id": "/subscriptions/86f76907-b9d5-46fa-a39d-aff8432a1868/resourceGroups/rg-jgarcia-dvfinlab-uk/providers/Microsoft.Network/virtualNetworks/vnet-postgres",
            "location": "ukwest",
            "name": "vnet-postgres",
            "resource_group_name": "rg-jgarcia-dvfinlab-uk",
            "subnets": [
              "subnet-postgres"
            ],
            "tags": {},
            "timeouts": null,
            "vnet_peerings": {},
            "vnet_peerings_addresses": []
          },
          "sensitive_attributes": []
        }
      ]
    },
    {
      "mode": "managed",
      "type": "azurerm_virtual_network_peering",
      "name": "aks_to_postgres",
      "provider": "provider[\"registry.terraform.io/hashicorp/azurerm\"]",
      "instances": [
        {
          "schema_version": 0,
          "attributes": {
            "allow_forwarded_traffic": true,
            "allow_gateway_transit": false,
            "allow_virtual_network_access": true,
            "id": "/subscriptions/86f76907-b9d5-46fa-a39d-aff8432a1868/resourceGroups/rg-jgarcia-dvfinlab-uk/providers/Microsoft.Network/virtualNetworks/vnet-aks/virtualNetworkPeerings/peering-aks-to-postgres",
            "local_subnet_names": null,
            "name": "peering-aks-to-postgres",
            "only_ipv6_peering_enabled": false,
            "peer_complete_virtual_networks_enabled": true,
            "remote_subnet_names": null,
            "remote_virtual_network_id": "/subscriptions/86f76907-b9d5-46fa-a39d-aff8432a1868/resourceGroups/rg-jgarcia-dvfinlab-uk/providers/Microsoft.Network/virtualNetworks/vnet-postgres",
            "resource_group_name": "rg-jgarcia-dvfinlab-uk",
            "timeouts": null,
            "triggers": null,
            "use_remote_gateways": false,
            "virtual_network_name": "vnet-aks"
          },
          "sensitive_attributes": [],
          "private": "eyJlMmJmYjczMC1lY2FhLTExZTYtOGY4OC0zNDM2M2JjN2M0YzAiOnsiY3JlYXRlIjoxODAwMDAwMDAwMDAwLCJkZWxldGUiOjE4MDAwMDAwMDAwMDAsInJlYWQiOjMwMDAwMDAwMDAwMCwidXBkYXRlIjoxODAwMDAwMDAwMDAwfX0=",
          "dependencies": [
            "data.azurerm_virtual_network.vnet_aks",
            "data.azurerm_virtual_network.vnet_postgres"
          ]
        }
      ]
    },
    {
      "mode": "managed",
      "type": "azurerm_virtual_network_peering",
      "name": "postgres_to_aks",
      "provider": "provider[\"registry.terraform.io/hashicorp/azurerm\"]",
      "instances": [
        {
          "schema_version": 0,
          "attributes": {
            "allow_forwarded_traffic": true,
            "allow_gateway_transit": false,
            "allow_virtual_network_access": true,
            "id": "/subscriptions/86f76907-b9d5-46fa-a39d-aff8432a1868/resourceGroups/rg-jgarcia-dvfinlab-uk/providers/Microsoft.Network/virtualNetworks/vnet-postgres/virtualNetworkPeerings/peering-postgres-to-aks",
            "local_subnet_names": null,
            "name": "peering-postgres-to-aks",
            "only_ipv6_peering_enabled": false,
            "peer_complete_virtual_networks_enabled": true,
            "remote_subnet_names": null,
            "remote_virtual_network_id": "/subscriptions/86f76907-b9d5-46fa-a39d-aff8432a1868/resourceGroups/rg-jgarcia-dvfinlab-uk/providers/Microsoft.Network/virtualNetworks/vnet-aks",
            "resource_group_name": "rg-jgarcia-dvfinlab-uk",
            "timeouts": null,
            "triggers": null,
            "use_remote_gateways": false,
            "virtual_network_name": "vnet-postgres"
          },
          "sensitive_attributes": [],
          "private": "eyJlMmJmYjczMC1lY2FhLTExZTYtOGY4OC0zNDM2M2JjN2M0YzAiOnsiY3JlYXRlIjoxODAwMDAwMDAwMDAwLCJkZWxldGUiOjE4MDAwMDAwMDAwMDAsInJlYWQiOjMwMDAwMDAwMDAwMCwidXBkYXRlIjoxODAwMDAwMDAwMDAwfX0=",
          "dependencies": [
            "data.azurerm_virtual_network.vnet_aks",
            "data.azurerm_virtual_network.vnet_postgres"
          ]
        }
      ]
    }
  ],
  "check_results": null
}
